
Microsoft Visual Studio Solution File, Format Version 12.00
# Visual Studio Version 17
VisualStudioVersion = 17.6.33513.286
MinimumVisualStudioVersion = 10.0.40219.1
Project("{FAE04EC0-301F-11D3-BF4B-00C04F79EFBC}") = "AzCosmosTestTrigger", "AzCosmosTestTrigger.csproj", "{22BE3545-AAC2-4814-9542-0E3E5F2534C6}"
EndProject
Global
	GlobalSection(SolutionConfigurationPlatforms) = preSolution
		Debug|Any CPU = Debug|Any CPU
		Release|Any CPU = Release|Any CPU
	EndGlobalSection
	GlobalSection(ProjectConfigurationPlatforms) = postSolution
		{22BE3545-AAC2-4814-9542-0E3E5F2534C6}.Debug|Any CPU.ActiveCfg = Debug|Any CPU
		{22BE3545-AAC2-4814-9542-0E3E5F2534C6}.Debug|Any CPU.Build.0 = Debug|Any CPU
		{22BE3545-AAC2-4814-9542-0E3E5F2534C6}.Release|Any CPU.ActiveCfg = Release|Any CPU
		{22BE3545-AAC2-4814-9542-0E3E5F2534C6}.Release|Any CPU.Build.0 = Release|Any CPU
	EndGlobalSection
	GlobalSection(SolutionProperties) = preSolution
		HideSolutionNode = FALSE
	EndGlobalSection
	GlobalSection(ExtensibilityGlobals) = postSolution
		SolutionGuid = {0D1599DB-97A5-411F-A945-EDF82FD509F9}
	EndGlobalSection
EndGlobal
