
Microsoft Visual Studio Solution File, Format Version 12.00
# Visual Studio Version 17
VisualStudioVersion = 17.6.33513.286
MinimumVisualStudioVersion = 10.0.40219.1
Project("{FAE04EC0-301F-11D3-BF4B-00C04F79EFBC}") = "CosmosDbApp", "CosmosDbApp\CosmosDbApp.csproj", "{C9505071-11CB-4FF2-BCD5-591B296F446C}"
EndProject
Global
	GlobalSection(SolutionConfigurationPlatforms) = preSolution
		Debug|Any CPU = Debug|Any CPU
		Release|Any CPU = Release|Any CPU
	EndGlobalSection
	GlobalSection(ProjectConfigurationPlatforms) = postSolution
		{C9505071-11CB-4FF2-BCD5-591B296F446C}.Debug|Any CPU.ActiveCfg = Debug|Any CPU
		{C9505071-11CB-4FF2-BCD5-591B296F446C}.Debug|Any CPU.Build.0 = Debug|Any CPU
		{C9505071-11CB-4FF2-BCD5-591B296F446C}.Release|Any CPU.ActiveCfg = Release|Any CPU
		{C9505071-11CB-4FF2-BCD5-591B296F446C}.Release|Any CPU.Build.0 = Release|Any CPU
	EndGlobalSection
	GlobalSection(SolutionProperties) = preSolution
		HideSolutionNode = FALSE
	EndGlobalSection
	GlobalSection(ExtensibilityGlobals) = postSolution
		SolutionGuid = {22C77AAB-421E-4D2B-9252-4E021F5675C6}
	EndGlobalSection
EndGlobal
