
Microsoft Visual Studio Solution File, Format Version 12.00
# Visual Studio Version 17
VisualStudioVersion = 17.6.33513.286
MinimumVisualStudioVersion = 10.0.40219.1
Project("{FAE04EC0-301F-11D3-BF4B-00C04F79EFBC}") = "AzBlobApp", "AzBlobApp\AzBlobApp.csproj", "{B538FC51-F99B-4E6F-BF3D-B86828378D37}"
EndProject
Global
	GlobalSection(SolutionConfigurationPlatforms) = preSolution
		Debug|Any CPU = Debug|Any CPU
		Release|Any CPU = Release|Any CPU
	EndGlobalSection
	GlobalSection(ProjectConfigurationPlatforms) = postSolution
		{B538FC51-F99B-4E6F-BF3D-B86828378D37}.Debug|Any CPU.ActiveCfg = Debug|Any CPU
		{B538FC51-F99B-4E6F-BF3D-B86828378D37}.Debug|Any CPU.Build.0 = Debug|Any CPU
		{B538FC51-F99B-4E6F-BF3D-B86828378D37}.Release|Any CPU.ActiveCfg = Release|Any CPU
		{B538FC51-F99B-4E6F-BF3D-B86828378D37}.Release|Any CPU.Build.0 = Release|Any CPU
	EndGlobalSection
	GlobalSection(SolutionProperties) = preSolution
		HideSolutionNode = FALSE
	EndGlobalSection
	GlobalSection(ExtensibilityGlobals) = postSolution
		SolutionGuid = {FB7A1302-C712-4AFE-9A7C-017173D210A1}
	EndGlobalSection
EndGlobal
