
Microsoft Visual Studio Solution File, Format Version 12.00
# Visual Studio Version 17
VisualStudioVersion = 17.6.33513.286
MinimumVisualStudioVersion = 10.0.40219.1
Project("{FAE04EC0-301F-11D3-BF4B-00C04F79EFBC}") = "NewAuthAppLocal", "NewAuthAppLocal.csproj", "{2A340630-E8C4-4979-B193-E2570067DDF3}"
EndProject
Global
	GlobalSection(SolutionConfigurationPlatforms) = preSolution
		Debug|Any CPU = Debug|Any CPU
		Release|Any CPU = Release|Any CPU
	EndGlobalSection
	GlobalSection(ProjectConfigurationPlatforms) = postSolution
		{2A340630-E8C4-4979-B193-E2570067DDF3}.Debug|Any CPU.ActiveCfg = Debug|Any CPU
		{2A340630-E8C4-4979-B193-E2570067DDF3}.Debug|Any CPU.Build.0 = Debug|Any CPU
		{2A340630-E8C4-4979-B193-E2570067DDF3}.Release|Any CPU.ActiveCfg = Release|Any CPU
		{2A340630-E8C4-4979-B193-E2570067DDF3}.Release|Any CPU.Build.0 = Release|Any CPU
	EndGlobalSection
	GlobalSection(SolutionProperties) = preSolution
		HideSolutionNode = FALSE
	EndGlobalSection
	GlobalSection(ExtensibilityGlobals) = postSolution
		SolutionGuid = {22B0A9D1-8AD1-4A91-A136-160C48DE25A2}
	EndGlobalSection
EndGlobal
