
Microsoft Visual Studio Solution File, Format Version 12.00
# Visual Studio Version 17
VisualStudioVersion = 17.6.33513.286
MinimumVisualStudioVersion = 10.0.40219.1
Project("{FAE04EC0-301F-11D3-BF4B-00C04F79EFBC}") = "AuthApp", "AuthApp.csproj", "{AFB2DDB1-CD85-4F3B-A43C-8FEA70D24A44}"
EndProject
Global
	GlobalSection(SolutionConfigurationPlatforms) = preSolution
		Debug|Any CPU = Debug|Any CPU
		Release|Any CPU = Release|Any CPU
	EndGlobalSection
	GlobalSection(ProjectConfigurationPlatforms) = postSolution
		{AFB2DDB1-CD85-4F3B-A43C-8FEA70D24A44}.Debug|Any CPU.ActiveCfg = Debug|Any CPU
		{AFB2DDB1-CD85-4F3B-A43C-8FEA70D24A44}.Debug|Any CPU.Build.0 = Debug|Any CPU
		{AFB2DDB1-CD85-4F3B-A43C-8FEA70D24A44}.Release|Any CPU.ActiveCfg = Release|Any CPU
		{AFB2DDB1-CD85-4F3B-A43C-8FEA70D24A44}.Release|Any CPU.Build.0 = Release|Any CPU
	EndGlobalSection
	GlobalSection(SolutionProperties) = preSolution
		HideSolutionNode = FALSE
	EndGlobalSection
	GlobalSection(ExtensibilityGlobals) = postSolution
		SolutionGuid = {7A46F070-66E2-4B68-B1F2-90A5926BF619}
	EndGlobalSection
EndGlobal
